// !$*UTF8*$!
{
	archiveVersion = 1;
	classes = {
	};
	objectVersion = 50;
	objects = {

/* Begin PBXBuildFile section */
		D27F01682674CBE40084EE4C /* AppDelegate.swift in Sources */ = {isa = PBXBuildFile; fileRef = D27F01672674CBE40084EE4C /* AppDelegate.swift */; };
		D27F016A2674CBE40084EE4C /* SceneDelegate.swift in Sources */ = {isa = PBXBuildFile; fileRef = D27F01692674CBE40084EE4C /* SceneDelegate.swift */; };
		D27F016C2674CBE50084EE4C /* ContentView.swift in Sources */ = {isa = PBXBuildFile; fileRef = D27F016B2674CBE50084EE4C /* ContentView.swift */; };
		D27F016E2674CBE70084EE4C /* Assets.xcassets in Resources */ = {isa = PBXBuildFile; fileRef = D27F016D2674CBE70084EE4C /* Assets.xcassets */; };
		D27F01712674CBE70084EE4C /* Preview Assets.xcassets in Resources */ = {isa = PBXBuildFile; fileRef = D27F01702674CBE70084EE4C /* Preview Assets.xcassets */; };
		D27F01742674CBE70084EE4C /* LaunchScreen.storyboard in Resources */ = {isa = PBXBuildFile; fileRef = D27F01722674CBE70084EE4C /* LaunchScreen.storyboard */; };
		D27F017F2674CBE70084EE4C /* Swifty_InstagramTests.swift in Sources */ = {isa = PBXBuildFile; fileRef = D27F017E2674CBE70084EE4C /* Swifty_InstagramTests.swift */; };
		D27F018A2674CBE70084EE4C /* Swifty_InstagramUITests.swift in Sources */ = {isa = PBXBuildFile; fileRef = D27F01892674CBE70084EE4C /* Swifty_InstagramUITests.swift */; };
/* End PBXBuildFile section */

/* Begin PBXContainerItemProxy section */
		D27F017B2674CBE70084EE4C /* PBXContainerItemProxy */ = {
			isa = PBXContainerItemProxy;
			containerPortal = D27F015C2674CBE40084EE4C /* Project object */;
			proxyType = 1;
			remoteGlobalIDString = D27F01632674CBE40084EE4C;
			remoteInfo = Swifty_Instagram;
		};
		D27F01862674CBE70084EE4C /* PBXContainerItemProxy */ = {
			isa = PBXContainerItemProxy;
			containerPortal = D27F015C2674CBE40084EE4C /* Project object */;
			proxyType = 1;
			remoteGlobalIDString = D27F01632674CBE40084EE4C;
			remoteInfo = Swifty_Instagram;
		};
/* End PBXContainerItemProxy section */

/* Begin PBXFileReference section */
		D27F01642674CBE40084EE4C /* Swifty_Instagram.app */ = {isa = PBXFileReference; explicitFileType = wrapper.application; includeInIndex = 0; path = Swifty_Instagram.app; sourceTree = BUILT_PRODUCTS_DIR; };
		D27F01672674CBE40084EE4C /* AppDelegate.swift */ = {isa = PBXFileReference; lastKnownFileType = sourcecode.swift; path = AppDelegate.swift; sourceTree = "<group>"; };
		D27F01692674CBE40084EE4C /* SceneDelegate.swift */ = {isa = PBXFileReference; lastKnownFileType = sourcecode.swift; path = SceneDelegate.swift; sourceTree = "<group>"; };
		D27F016B2674CBE50084EE4C /* ContentView.swift */ = {isa = PBXFileReference; lastKnownFileType = sourcecode.swift; path = ContentView.swift; sourceTree = "<group>"; };
		D27F016D2674CBE70084EE4C /* Assets.xcassets */ = {isa = PBXFileReference; lastKnownFileType = folder.assetcatalog; path = Assets.xcassets; sourceTree = "<group>"; };
		D27F01702674CBE70084EE4C /* Preview Assets.xcassets */ = {isa = PBXFileReference; lastKnownFileType = folder.assetcatalog; path = "Preview Assets.xcassets"; sourceTree = "<group>"; };
		D27F01732674CBE70084EE4C /* Base */ = {isa = PBXFileReference; lastKnownFileType = file.storyboard; name = Base; path = Base.lproj/LaunchScreen.storyboard; sourceTree = "<group>"; };
		D27F01752674CBE70084EE4C /* Info.plist */ = {isa = PBXFileReference; lastKnownFileType = text.plist.xml; path = Info.plist; sourceTree = "<group>"; };
		D27F017A2674CBE70084EE4C /* Swifty_InstagramTests.xctest */ = {isa = PBXFileReference; explicitFileType = wrapper.cfbundle; includeInIndex = 0; path = Swifty_InstagramTests.xctest; sourceTree = BUILT_PRODUCTS_DIR; };
		D27F017E2674CBE70084EE4C /* Swifty_InstagramTests.swift */ = {isa = PBXFileReference; lastKnownFileType = sourcecode.swift; path = Swifty_InstagramTests.swift; sourceTree = "<group>"; };
		D27F01802674CBE70084EE4C /* Info.plist */ = {isa = PBXFileReference; lastKnownFileType = text.plist.xml; path = Info.plist; sourceTree = "<group>"; };
		D27F01852674CBE70084EE4C /* Swifty_InstagramUITests.xctest */ = {isa = PBXFileReference; explicitFileType = wrapper.cfbundle; includeInIndex = 0; path = Swifty_InstagramUITests.xctest; sourceTree = BUILT_PRODUCTS_DIR; };
		D27F01892674CBE70084EE4C /* Swifty_InstagramUITests.swift */ = {isa = PBXFileReference; lastKnownFileType = sourcecode.swift; path = Swifty_InstagramUITests.swift; sourceTree = "<group>"; };
		D27F018B2674CBE70084EE4C /* Info.plist */ = {isa = PBXFileReference; lastKnownFileType = text.plist.xml; path = Info.plist; sourceTree = "<group>"; };
/* End PBXFileReference section */

/* Begin PBXFrameworksBuildPhase section */
		D27F01612674CBE40084EE4C /* Frameworks */ = {
			isa = PBXFrameworksBuildPhase;
			buildActionMask = 2147483647;
			files = (
			);
			runOnlyForDeploymentPostprocessing = 0;
		};
		D27F01772674CBE70084EE4C /* Frameworks */ = {
			isa = PBXFrameworksBuildPhase;
			buildActionMask = 2147483647;
			files = (
			);
			runOnlyForDeploymentPostprocessing = 0;
		};
		D27F01822674CBE70084EE4C /* Frameworks */ = {
			isa = PBXFrameworksBuildPhase;
			buildActionMask = 2147483647;
			files = (
			);
			runOnlyForDeploymentPostprocessing = 0;
		};
/* End PBXFrameworksBuildPhase section */

/* Begin PBXGroup section */
		D27F015B2674CBE40084EE4C = {
			isa = PBXGroup;
			children = (
				D27F01662674CBE40084EE4C /* Swifty_Instagram */,
				D27F017D2674CBE70084EE4C /* Swifty_InstagramTests */,
				D27F01882674CBE70084EE4C /* Swifty_InstagramUITests */,
				D27F01652674CBE40084EE4C /* Products */,
			);
			sourceTree = "<group>";
		};
		D27F01652674CBE40084EE4C /* Products */ = {
			isa = PBXGroup;
			children = (
				D27F01642674CBE40084EE4C /* Swifty_Instagram.app */,
				D27F017A2674CBE70084EE4C /* Swifty_InstagramTests.xctest */,
				D27F01852674CBE70084EE4C /* Swifty_InstagramUITests.xctest */,
			);
			name = Products;
			sourceTree = "<group>";
		};
		D27F01662674CBE40084EE4C /* Swifty_Instagram */ = {
			isa = PBXGroup;
			children = (
				D27F01672674CBE40084EE4C /* AppDelegate.swift */,
				D27F01692674CBE40084EE4C /* SceneDelegate.swift */,
				D27F016B2674CBE50084EE4C /* ContentView.swift */,
				D27F016D2674CBE70084EE4C /* Assets.xcassets */,
				D27F01722674CBE70084EE4C /* LaunchScreen.storyboard */,
				D27F01752674CBE70084EE4C /* Info.plist */,
				D27F016F2674CBE70084EE4C /* Preview Content */,
			);
			path = Swifty_Instagram;
			sourceTree = "<group>";
		};
		D27F016F2674CBE70084EE4C /* Preview Content */ = {
			isa = PBXGroup;
			children = (
				D27F01702674CBE70084EE4C /* Preview Assets.xcassets */,
			);
			path = "Preview Content";
			sourceTree = "<group>";
		};
		D27F017D2674CBE70084EE4C /* Swifty_InstagramTests */ = {
			isa = PBXGroup;
			children = (
				D27F017E2674CBE70084EE4C /* Swifty_InstagramTests.swift */,
				D27F01802674CBE70084EE4C /* Info.plist */,
			);
			path = Swifty_InstagramTests;
			sourceTree = "<group>";
		};
		D27F01882674CBE70084EE4C /* Swifty_InstagramUITests */ = {
			isa = PBXGroup;
			children = (
				D27F01892674CBE70084EE4C /* Swifty_InstagramUITests.swift */,
				D27F018B2674CBE70084EE4C /* Info.plist */,
			);
			path = Swifty_InstagramUITests;
			sourceTree = "<group>";
		};
/* End PBXGroup section */

/* Begin PBXNativeTarget section */
		D27F01632674CBE40084EE4C /* Swifty_Instagram */ = {
			isa = PBXNativeTarget;
			buildConfigurationList = D27F018E2674CBE70084EE4C /* Build configuration list for PBXNativeTarget "Swifty_Instagram" */;
			buildPhases = (
				D27F01602674CBE40084EE4C /* Sources */,
				D27F01612674CBE40084EE4C /* Frameworks */,
				D27F01622674CBE40084EE4C /* Resources */,
			);
			buildRules = (
			);
			dependencies = (
			);
			name = Swifty_Instagram;
			productName = Swifty_Instagram;
			productReference = D27F01642674CBE40084EE4C /* Swifty_Instagram.app */;
			productType = "com.apple.product-type.application";
		};
		D27F01792674CBE70084EE4C /* Swifty_InstagramTests */ = {
			isa = PBXNativeTarget;
			buildConfigurationList = D27F01912674CBE70084EE4C /* Build configuration list for PBXNativeTarget "Swifty_InstagramTests" */;
			buildPhases = (
				D27F01762674CBE70084EE4C /* Sources */,
				D27F01772674CBE70084EE4C /* Frameworks */,
				D27F01782674CBE70084EE4C /* Resources */,
			);
			buildRules = (
			);
			dependencies = (
				D27F017C2674CBE70084EE4C /* PBXTargetDependency */,
			);
			name = Swifty_InstagramTests;
			productName = Swifty_InstagramTests;
			productReference = D27F017A2674CBE70084EE4C /* Swifty_InstagramTests.xctest */;
			productType = "com.apple.product-type.bundle.unit-test";
		};
		D27F01842674CBE70084EE4C /* Swifty_InstagramUITests */ = {
			isa = PBXNativeTarget;
			buildConfigurationList = D27F01942674CBE70084EE4C /* Build configuration list for PBXNativeTarget "Swifty_InstagramUITests" */;
			buildPhases = (
				D27F01812674CBE70084EE4C /* Sources */,
				D27F01822674CBE70084EE4C /* Frameworks */,
				D27F01832674CBE70084EE4C /* Resources */,
			);
			buildRules = (
			);
			dependencies = (
				D27F01872674CBE70084EE4C /* PBXTargetDependency */,
			);
			name = Swifty_InstagramUITests;
			productName = Swifty_InstagramUITests;
			productReference = D27F01852674CBE70084EE4C /* Swifty_InstagramUITests.xctest */;
			productType = "com.apple.product-type.bundle.ui-testing";
		};
/* End PBXNativeTarget section */

/* Begin PBXProject section */
		D27F015C2674CBE40084EE4C /* Project object */ = {
			isa = PBXProject;
			attributes = {
				LastSwiftUpdateCheck = 1250;
				LastUpgradeCheck = 1250;
				TargetAttributes = {
					D27F01632674CBE40084EE4C = {
						CreatedOnToolsVersion = 12.5;
					};
					D27F01792674CBE70084EE4C = {
						CreatedOnToolsVersion = 12.5;
						TestTargetID = D27F01632674CBE40084EE4C;
					};
					D27F01842674CBE70084EE4C = {
						CreatedOnToolsVersion = 12.5;
						TestTargetID = D27F01632674CBE40084EE4C;
					};
				};
			};
			buildConfigurationList = D27F015F2674CBE40084EE4C /* Build configuration list for PBXProject "Swifty_Instagram" */;
			compatibilityVersion = "Xcode 9.3";
			developmentRegion = en;
			hasScannedForEncodings = 0;
			knownRegions = (
				en,
				Base,
			);
			mainGroup = D27F015B2674CBE40084EE4C;
			productRefGroup = D27F01652674CBE40084EE4C /* Products */;
			projectDirPath = "";
			projectRoot = "";
			targets = (
				D27F01632674CBE40084EE4C /* Swifty_Instagram */,
				D27F01792674CBE70084EE4C /* Swifty_InstagramTests */,
				D27F01842674CBE70084EE4C /* Swifty_InstagramUITests */,
			);
		};
/* End PBXProject section */

/* Begin PBXResourcesBuildPhase section */
		D27F01622674CBE40084EE4C /* Resources */ = {
			isa = PBXResourcesBuildPhase;
			buildActionMask = 2147483647;
			files = (
				D27F01742674CBE70084EE4C /* LaunchScreen.storyboard in Resources */,
				D27F01712674CBE70084EE4C /* Preview Assets.xcassets in Resources */,
				D27F016E2674CBE70084EE4C /* Assets.xcassets in Resources */,
			);
			runOnlyForDeploymentPostprocessing = 0;
		};
		D27F01782674CBE70084EE4C /* Resources */ = {
			isa = PBXResourcesBuildPhase;
			buildActionMask = 2147483647;
			files = (
			);
			runOnlyForDeploymentPostprocessing = 0;
		};
		D27F01832674CBE70084EE4C /* Resources */ = {
			isa = PBXResourcesBuildPhase;
			buildActionMask = 2147483647;
			files = (
			);
			runOnlyForDeploymentPostprocessing = 0;
		};
/* End PBXResourcesBuildPhase section */

/* Begin PBXSourcesBuildPhase section */
		D27F01602674CBE40084EE4C /* Sources */ = {
			isa = PBXSourcesBuildPhase;
			buildActionMask = 2147483647;
			files = (
				D27F01682674CBE40084EE4C /* AppDelegate.swift in Sources */,
				D27F016A2674CBE40084EE4C /* SceneDelegate.swift in Sources */,
				D27F016C2674CBE50084EE4C /* ContentView.swift in Sources */,
			);
			runOnlyForDeploymentPostprocessing = 0;
		};
		D27F01762674CBE70084EE4C /* Sources */ = {
			isa = PBXSourcesBuildPhase;
			buildActionMask = 2147483647;
			files = (
				D27F017F2674CBE70084EE4C /* Swifty_InstagramTests.swift in Sources */,
			);
			runOnlyForDeploymentPostprocessing = 0;
		};
		D27F01812674CBE70084EE4C /* Sources */ = {
			isa = PBXSourcesBuildPhase;
			buildActionMask = 2147483647;
			files = (
				D27F018A2674CBE70084EE4C /* Swifty_InstagramUITests.swift in Sources */,
			);
			runOnlyForDeploymentPostprocessing = 0;
		};
/* End PBXSourcesBuildPhase section */

/* Begin PBXTargetDependency section */
		D27F017C2674CBE70084EE4C /* PBXTargetDependency */ = {
			isa = PBXTargetDependency;
			target = D27F01632674CBE40084EE4C /* Swifty_Instagram */;
			targetProxy = D27F017B2674CBE70084EE4C /* PBXContainerItemProxy */;
		};
		D27F01872674CBE70084EE4C /* PBXTargetDependency */ = {
			isa = PBXTargetDependency;
			target = D27F01632674CBE40084EE4C /* Swifty_Instagram */;
			targetProxy = D27F01862674CBE70084EE4C /* PBXContainerItemProxy */;
		};
/* End PBXTargetDependency section */

/* Begin PBXVariantGroup section */
		D27F01722674CBE70084EE4C /* LaunchScreen.storyboard */ = {
			isa = PBXVariantGroup;
			children = (
				D27F01732674CBE70084EE4C /* Base */,
			);
			name = LaunchScreen.storyboard;
			sourceTree = "<group>";
		};
/* End PBXVariantGroup section */

/* Begin XCBuildConfiguration section */
		D27F018C2674CBE70084EE4C /* Debug */ = {
			isa = XCBuildConfiguration;
			buildSettings = {
				ALWAYS_SEARCH_USER_PATHS = NO;
				CLANG_ANALYZER_NONNULL = YES;
				CLANG_ANALYZER_NUMBER_OBJECT_CONVERSION = YES_AGGRESSIVE;
				CLANG_CXX_LANGUAGE_STANDARD = "gnu++14";
				CLANG_CXX_LIBRARY = "libc++";
				CLANG_ENABLE_MODULES = YES;
				CLANG_ENABLE_OBJC_ARC = YES;
				CLANG_ENABLE_OBJC_WEAK = YES;
				CLANG_WARN_BLOCK_CAPTURE_AUTORELEASING = YES;
				CLANG_WARN_BOOL_CONVERSION = YES;
				CLANG_WARN_COMMA = YES;
				CLANG_WARN_CONSTANT_CONVERSION = YES;
				CLANG_WARN_DEPRECATED_OBJC_IMPLEMENTATIONS = YES;
				CLANG_WARN_DIRECT_OBJC_ISA_USAGE = YES_ERROR;
				CLANG_WARN_DOCUMENTATION_COMMENTS = YES;
				CLANG_WARN_EMPTY_BODY = YES;
				CLANG_WARN_ENUM_CONVERSION = YES;
				CLANG_WARN_INFINITE_RECURSION = YES;
				CLANG_WARN_INT_CONVERSION = YES;
				CLANG_WARN_NON_LITERAL_NULL_CONVERSION = YES;
				CLANG_WARN_OBJC_IMPLICIT_RETAIN_SELF = YES;
				CLANG_WARN_OBJC_LITERAL_CONVERSION = YES;
				CLANG_WARN_OBJC_ROOT_CLASS = YES_ERROR;
				CLANG_WARN_QUOTED_INCLUDE_IN_FRAMEWORK_HEADER = YES;
				CLANG_WARN_RANGE_LOOP_ANALYSIS = YES;
				CLANG_WARN_STRICT_PROTOTYPES = YES;
				CLANG_WARN_SUSPICIOUS_MOVE = YES;
				CLANG_WARN_UNGUARDED_AVAILABILITY = YES_AGGRESSIVE;
				CLANG_WARN_UNREACHABLE_CODE = YES;
				CLANG_WARN__DUPLICATE_METHOD_MATCH = YES;
				COPY_PHASE_STRIP = NO;
				DEBUG_INFORMATION_FORMAT = dwarf;
				ENABLE_STRICT_OBJC_MSGSEND = YES;
				ENABLE_TESTABILITY = YES;
				GCC_C_LANGUAGE_STANDARD = gnu11;
				GCC_DYNAMIC_NO_PIC = NO;
				GCC_NO_COMMON_BLOCKS = YES;
				GCC_OPTIMIZATION_LEVEL = 0;
				GCC_PREPROCESSOR_DEFINITIONS = (
					"DEBUG=1",
					"$(inherited)",
				);
				GCC_WARN_64_TO_32_BIT_CONVERSION = YES;
				GCC_WARN_ABOUT_RETURN_TYPE = YES_ERROR;
				GCC_WARN_UNDECLARED_SELECTOR = YES;
				GCC_WARN_UNINITIALIZED_AUTOS = YES_AGGRESSIVE;
				GCC_WARN_UNUSED_FUNCTION = YES;
				GCC_WARN_UNUSED_VARIABLE = YES;
				IPHONEOS_DEPLOYMENT_TARGET = 14.5;
				MTL_ENABLE_DEBUG_INFO = INCLUDE_SOURCE;
				MTL_FAST_MATH = YES;
				ONLY_ACTIVE_ARCH = YES;
				SDKROOT = iphoneos;
				SWIFT_ACTIVE_COMPILATION_CONDITIONS = DEBUG;
				SWIFT_OPTIMIZATION_LEVEL = "-Onone";
			};
			name = Debug;
		};
		D27F018D2674CBE70084EE4C /* Release */ = {
			isa = XCBuildConfiguration;
			buildSettings = {
				ALWAYS_SEARCH_USER_PATHS = NO;
				CLANG_ANALYZER_NONNULL = YES;
				CLANG_ANALYZER_NUMBER_OBJECT_CONVERSION = YES_AGGRESSIVE;
				CLANG_CXX_LANGUAGE_STANDARD = "gnu++14";
				CLANG_CXX_LIBRARY = "libc++";
				CLANG_ENABLE_MODULES = YES;
				CLANG_ENABLE_OBJC_ARC = YES;
				CLANG_ENABLE_OBJC_WEAK = YES;
				CLANG_WARN_BLOCK_CAPTURE_AUTORELEASING = YES;
				CLANG_WARN_BOOL_CONVERSION = YES;
				CLANG_WARN_COMMA = YES;
				CLANG_WARN_CONSTANT_CONVERSION = YES;
				CLANG_WARN_DEPRECATED_OBJC_IMPLEMENTATIONS = YES;
				CLANG_WARN_DIRECT_OBJC_ISA_USAGE = YES_ERROR;
				CLANG_WARN_DOCUMENTATION_COMMENTS = YES;
				CLANG_WARN_EMPTY_BODY = YES;
				CLANG_WARN_ENUM_CONVERSION = YES;
				CLANG_WARN_INFINITE_RECURSION = YES;
				CLANG_WARN_INT_CONVERSION = YES;
				CLANG_WARN_NON_LITERAL_NULL_CONVERSION = YES;
				CLANG_WARN_OBJC_IMPLICIT_RETAIN_SELF = YES;
				CLANG_WARN_OBJC_LITERAL_CONVERSION = YES;
				CLANG_WARN_OBJC_ROOT_CLASS = YES_ERROR;
				CLANG_WARN_QUOTED_INCLUDE_IN_FRAMEWORK_HEADER = YES;
				CLANG_WARN_RANGE_LOOP_ANALYSIS = YES;
				CLANG_WARN_STRICT_PROTOTYPES = YES;
				CLANG_WARN_SUSPICIOUS_MOVE = YES;
				CLANG_WARN_UNGUARDED_AVAILABILITY = YES_AGGRESSIVE;
				CLANG_WARN_UNREACHABLE_CODE = YES;
				CLANG_WARN__DUPLICATE_METHOD_MATCH = YES;
				COPY_PHASE_STRIP = NO;
				DEBUG_INFORMATION_FORMAT = "dwarf-with-dsym";
				ENABLE_NS_ASSERTIONS = NO;
				ENABLE_STRICT_OBJC_MSGSEND = YES;
				GCC_C_LANGUAGE_STANDARD = gnu11;
				GCC_NO_COMMON_BLOCKS = YES;
				GCC_WARN_64_TO_32_BIT_CONVERSION = YES;
				GCC_WARN_ABOUT_RETURN_TYPE = YES_ERROR;
				GCC_WARN_UNDECLARED_SELECTOR = YES;
				GCC_WARN_UNINITIALIZED_AUTOS = YES_AGGRESSIVE;
				GCC_WARN_UNUSED_FUNCTION = YES;
				GCC_WARN_UNUSED_VARIABLE = YES;
				IPHONEOS_DEPLOYMENT_TARGET = 14.5;
				MTL_ENABLE_DEBUG_INFO = NO;
				MTL_FAST_MATH = YES;
				SDKROOT = iphoneos;
				SWIFT_COMPILATION_MODE = wholemodule;
				SWIFT_OPTIMIZATION_LEVEL = "-O";
				VALIDATE_PRODUCT = YES;
			};
			name = Release;
		};
		D27F018F2674CBE70084EE4C /* Debug */ = {
			isa = XCBuildConfiguration;
			buildSettings = {
				ASSETCATALOG_COMPILER_APPICON_NAME = AppIcon;
				ASSETCATALOG_COMPILER_GLOBAL_ACCENT_COLOR_NAME = AccentColor;
				CODE_SIGN_STYLE = Automatic;
				DEVELOPMENT_ASSET_PATHS = "\"Swifty_Instagram/Preview Content\"";
				DEVELOPMENT_TEAM = W6JKLAEGC7;
				ENABLE_PREVIEWS = YES;
				INFOPLIST_FILE = Swifty_Instagram/Info.plist;
				LD_RUNPATH_SEARCH_PATHS = (
					"$(inherited)",
					"@executable_path/Frameworks",
				);
				PRODUCT_BUNDLE_IDENTIFIER = "com.vanashri.Swifty-Instagram";
				PRODUCT_NAME = "$(TARGET_NAME)";
				SWIFT_VERSION = 5.0;
				TARGETED_DEVICE_FAMILY = "1,2";
			};
			name = Debug;
		};
		D27F01902674CBE70084EE4C /* Release */ = {
			isa = XCBuildConfiguration;
			buildSettings = {
				ASSETCATALOG_COMPILER_APPICON_NAME = AppIcon;
				ASSETCATALOG_COMPILER_GLOBAL_ACCENT_COLOR_NAME = AccentColor;
				CODE_SIGN_STYLE = Automatic;
				DEVELOPMENT_ASSET_PATHS = "\"Swifty_Instagram/Preview Content\"";
				DEVELOPMENT_TEAM = W6JKLAEGC7;
				ENABLE_PREVIEWS = YES;
				INFOPLIST_FILE = Swifty_Instagram/Info.plist;
				LD_RUNPATH_SEARCH_PATHS = (
					"$(inherited)",
					"@executable_path/Frameworks",
				);
				PRODUCT_BUNDLE_IDENTIFIER = "com.vanashri.Swifty-Instagram";
				PRODUCT_NAME = "$(TARGET_NAME)";
				SWIFT_VERSION = 5.0;
				TARGETED_DEVICE_FAMILY = "1,2";
			};
			name = Release;
		};
		D27F01922674CBE70084EE4C /* Debug */ = {
			isa = XCBuildConfiguration;
			buildSettings = {
				ALWAYS_EMBED_SWIFT_STANDARD_LIBRARIES = YES;
				BUNDLE_LOADER = "$(TEST_HOST)";
				CODE_SIGN_STYLE = Automatic;
				DEVELOPMENT_TEAM = W6JKLAEGC7;
				INFOPLIST_FILE = Swifty_InstagramTests/Info.plist;
				IPHONEOS_DEPLOYMENT_TARGET = 14.5;
				LD_RUNPATH_SEARCH_PATHS = (
					"$(inherited)",
					"@executable_path/Frameworks",
					"@loader_path/Frameworks",
				);
				PRODUCT_BUNDLE_IDENTIFIER = "com.vanashri.Swifty-InstagramTests";
				PRODUCT_NAME = "$(TARGET_NAME)";
				SWIFT_VERSION = 5.0;
				TARGETED_DEVICE_FAMILY = "1,2";
				TEST_HOST = "$(BUILT_PRODUCTS_DIR)/Swifty_Instagram.app/Swifty_Instagram";
			};
			name = Debug;
		};
		D27F01932674CBE70084EE4C /* Release */ = {
			isa = XCBuildConfiguration;
			buildSettings = {
				ALWAYS_EMBED_SWIFT_STANDARD_LIBRARIES = YES;
				BUNDLE_LOADER = "$(TEST_HOST)";
				CODE_SIGN_STYLE = Automatic;
				DEVELOPMENT_TEAM = W6JKLAEGC7;
				INFOPLIST_FILE = Swifty_InstagramTests/Info.plist;
				IPHONEOS_DEPLOYMENT_TARGET = 14.5;
				LD_RUNPATH_SEARCH_PATHS = (
					"$(inherited)",
					"@executable_path/Frameworks",
					"@loader_path/Frameworks",
				);
				PRODUCT_BUNDLE_IDENTIFIER = "com.vanashri.Swifty-InstagramTests";
				PRODUCT_NAME = "$(TARGET_NAME)";
				SWIFT_VERSION = 5.0;
				TARGETED_DEVICE_FAMILY = "1,2";
				TEST_HOST = "$(BUILT_PRODUCTS_DIR)/Swifty_Instagram.app/Swifty_Instagram";
			};
			name = Release;
		};
		D27F01952674CBE70084EE4C /* Debug */ = {
			isa = XCBuildConfiguration;
			buildSettings = {
				ALWAYS_EMBED_SWIFT_STANDARD_LIBRARIES = YES;
				CODE_SIGN_STYLE = Automatic;
				DEVELOPMENT_TEAM = W6JKLAEGC7;
				INFOPLIST_FILE = Swifty_InstagramUITests/Info.plist;
				LD_RUNPATH_SEARCH_PATHS = (
					"$(inherited)",
					"@executable_path/Frameworks",
					"@loader_path/Frameworks",
				);
				PRODUCT_BUNDLE_IDENTIFIER = "com.vanashri.Swifty-InstagramUITests";
				PRODUCT_NAME = "$(TARGET_NAME)";
				SWIFT_VERSION = 5.0;
				TARGETED_DEVICE_FAMILY = "1,2";
				TEST_TARGET_NAME = Swifty_Instagram;
			};
			name = Debug;
		};
		D27F01962674CBE70084EE4C /* Release */ = {
			isa = XCBuildConfiguration;
			buildSettings = {
				ALWAYS_EMBED_SWIFT_STANDARD_LIBRARIES = YES;
				CODE_SIGN_STYLE = Automatic;
				DEVELOPMENT_TEAM = W6JKLAEGC7;
				INFOPLIST_FILE = Swifty_InstagramUITests/Info.plist;
				LD_RUNPATH_SEARCH_PATHS = (
					"$(inherited)",
					"@executable_path/Frameworks",
					"@loader_path/Frameworks",
				);
				PRODUCT_BUNDLE_IDENTIFIER = "com.vanashri.Swifty-InstagramUITests";
				PRODUCT_NAME = "$(TARGET_NAME)";
				SWIFT_VERSION = 5.0;
				TARGETED_DEVICE_FAMILY = "1,2";
				TEST_TARGET_NAME = Swifty_Instagram;
			};
			name = Release;
		};
/* End XCBuildConfiguration section */

/* Begin XCConfigurationList section */
		D27F015F2674CBE40084EE4C /* Build configuration list for PBXProject "Swifty_Instagram" */ = {
			isa = XCConfigurationList;
			buildConfigurations = (
				D27F018C2674CBE70084EE4C /* Debug */,
				D27F018D2674CBE70084EE4C /* Release */,
			);
			defaultConfigurationIsVisible = 0;
			defaultConfigurationName = Release;
		};
		D27F018E2674CBE70084EE4C /* Build configuration list for PBXNativeTarget "Swifty_Instagram" */ = {
			isa = XCConfigurationList;
			buildConfigurations = (
				D27F018F2674CBE70084EE4C /* Debug */,
				D27F01902674CBE70084EE4C /* Release */,
			);
			defaultConfigurationIsVisible = 0;
			defaultConfigurationName = Release;
		};
		D27F01912674CBE70084EE4C /* Build configuration list for PBXNativeTarget "Swifty_InstagramTests" */ = {
			isa = XCConfigurationList;
			buildConfigurations = (
				D27F01922674CBE70084EE4C /* Debug */,
				D27F01932674CBE70084EE4C /* Release */,
			);
			defaultConfigurationIsVisible = 0;
			defaultConfigurationName = Release;
		};
		D27F01942674CBE70084EE4C /* Build configuration list for PBXNativeTarget "Swifty_InstagramUITests" */ = {
			isa = XCConfigurationList;
			buildConfigurations = (
				D27F01952674CBE70084EE4C /* Debug */,
				D27F01962674CBE70084EE4C /* Release */,
			);
			defaultConfigurationIsVisible = 0;
			defaultConfigurationName = Release;
		};
/* End XCConfigurationList section */
	};
	rootObject = D27F015C2674CBE40084EE4C /* Project object */;
}
